// !$*UTF8*$!
{
	archiveVersion = 1;
	classes = {
	};
	objectVersion = 46;
	objects = {

/* Begin PBXBuildFile section */
		474B3C031B55DBC700316204 /* main.cpp in Sources */ = {isa = PBXBuildFile; fileRef = 474B3C021B55DBC700316204 /* main.cpp */; };
		474B3C0D1B55F1C400316204 /* Python.framework in Frameworks */ = {isa = PBXBuildFile; fileRef = 474B3C0C1B55F1C400316204 /* Python.framework */; };
/* End PBXBuildFile section */

/* Begin PBXCopyFilesBuildPhase section */
		474B3BFD1B55DBC600316204 /* CopyFiles */ = {
			isa = PBXCopyFilesBuildPhase;
			buildActionMask = 2147483647;
			dstPath = /usr/share/man/man1/;
			dstSubfolderSpec = 0;
			files = (
			);
			runOnlyForDeploymentPostprocessing = 1;
		};
/* End PBXCopyFilesBuildPhase section */

/* Begin PBXFileReference section */
		474B3BFF1B55DBC700316204 /* pycpptest */ = {isa = PBXFileReference; explicitFileType = "compiled.mach-o.executable"; includeInIndex = 0; path = pycpptest; sourceTree = BUILT_PRODUCTS_DIR; };
		474B3C021B55DBC700316204 /* main.cpp */ = {isa = PBXFileReference; lastKnownFileType = sourcecode.cpp.cpp; path = main.cpp; sourceTree = "<group>"; };
		474B3C0C1B55F1C400316204 /* Python.framework */ = {isa = PBXFileReference; lastKnownFileType = wrapper.framework; name = Python.framework; path = ../../../../../../../../Library/Frameworks/Python.framework; sourceTree = "<group>"; };
/* End PBXFileReference section */

/* Begin PBXFrameworksBuildPhase section */
		474B3BFC1B55DBC600316204 /* Frameworks */ = {
			isa = PBXFrameworksBuildPhase;
			buildActionMask = 2147483647;
			files = (
				474B3C0D1B55F1C400316204 /* Python.framework in Frameworks */,
			);
			runOnlyForDeploymentPostprocessing = 0;
		};
/* End PBXFrameworksBuildPhase section */

/* Begin PBXGroup section */
		474B3BF61B55DBC500316204 = {
			isa = PBXGroup;
			children = (
				474B3C011B55DBC700316204 /* pycpptest */,
				474B3C091B55F05C00316204 /* Frameworks */,
				474B3C001B55DBC700316204 /* Products */,
			);
			sourceTree = "<group>";
		};
		474B3C001B55DBC700316204 /* Products */ = {
			isa = PBXGroup;
			children = (
				474B3BFF1B55DBC700316204 /* pycpptest */,
			);
			name = Products;
			sourceTree = "<group>";
		};
		474B3C011B55DBC700316204 /* pycpptest */ = {
			isa = PBXGroup;
			children = (
				474B3C021B55DBC700316204 /* main.cpp */,
			);
			path = pycpptest;
			sourceTree = "<group>";
		};
		474B3C091B55F05C00316204 /* Frameworks */ = {
			isa = PBXGroup;
			children = (
				474B3C0C1B55F1C400316204 /* Python.framework */,
			);
			name = Frameworks;
			path = pycpptest.xcodeproj;
			sourceTree = "<group>";
		};
/* End PBXGroup section */

/* Begin PBXNativeTarget section */
		474B3BFE1B55DBC600316204 /* pycpptest */ = {
			isa = PBXNativeTarget;
			buildConfigurationList = 474B3C061B55DBC700316204 /* Build configuration list for PBXNativeTarget "pycpptest" */;
			buildPhases = (
				474B3BFB1B55DBC600316204 /* Sources */,
				474B3BFC1B55DBC600316204 /* Frameworks */,
				474B3BFD1B55DBC600316204 /* CopyFiles */,
			);
			buildRules = (
			);
			dependencies = (
			);
			name = pycpptest;
			productName = pycpptest;
			productReference = 474B3BFF1B55DBC700316204 /* pycpptest */;
			productType = "com.apple.product-type.tool";
		};
/* End PBXNativeTarget section */

/* Begin PBXProject section */
		474B3BF71B55DBC600316204 /* Project object */ = {
			isa = PBXProject;
			attributes = {
				LastUpgradeCheck = 0640;
				ORGANIZATIONNAME = "Ilya Rostovtsev";
				TargetAttributes = {
					474B3BFE1B55DBC600316204 = {
						CreatedOnToolsVersion = 6.4;
					};
				};
			};
			buildConfigurationList = 474B3BFA1B55DBC600316204 /* Build configuration list for PBXProject "pycpptest" */;
			compatibilityVersion = "Xcode 3.2";
			developmentRegion = English;
			hasScannedForEncodings = 0;
			knownRegions = (
				en,
			);
			mainGroup = 474B3BF61B55DBC500316204;
			productRefGroup = 474B3C001B55DBC700316204 /* Products */;
			projectDirPath = "";
			projectRoot = "";
			targets = (
				474B3BFE1B55DBC600316204 /* pycpptest */,
			);
		};
/* End PBXProject section */

/* Begin PBXSourcesBuildPhase section */
		474B3BFB1B55DBC600316204 /* Sources */ = {
			isa = PBXSourcesBuildPhase;
			buildActionMask = 2147483647;
			files = (
				474B3C031B55DBC700316204 /* main.cpp in Sources */,
			);
			runOnlyForDeploymentPostprocessing = 0;
		};
/* End PBXSourcesBuildPhase section */

/* Begin XCBuildConfiguration section */
		474B3C041B55DBC700316204 /* Debug */ = {
			isa = XCBuildConfiguration;
			buildSettings = {
				ALWAYS_SEARCH_USER_PATHS = NO;
				CLANG_CXX_LANGUAGE_STANDARD = "gnu++0x";
				CLANG_CXX_LIBRARY = "libc++";
				CLANG_ENABLE_MODULES = YES;
				CLANG_ENABLE_OBJC_ARC = YES;
				CLANG_WARN_BOOL_CONVERSION = YES;
				CLANG_WARN_CONSTANT_CONVERSION = YES;
				CLANG_WARN_DIRECT_OBJC_ISA_USAGE = YES_ERROR;
				CLANG_WARN_EMPTY_BODY = YES;
				CLANG_WARN_ENUM_CONVERSION = YES;
				CLANG_WARN_INT_CONVERSION = YES;
				CLANG_WARN_OBJC_ROOT_CLASS = YES_ERROR;
				CLANG_WARN_UNREACHABLE_CODE = YES;
				CLANG_WARN__DUPLICATE_METHOD_MATCH = YES;
				COPY_PHASE_STRIP = NO;
				DEBUG_INFORMATION_FORMAT = dwarf;
				ENABLE_STRICT_OBJC_MSGSEND = YES;
				GCC_C_LANGUAGE_STANDARD = gnu99;
				GCC_DYNAMIC_NO_PIC = NO;
				GCC_NO_COMMON_BLOCKS = YES;
				GCC_OPTIMIZATION_LEVEL = 0;
				GCC_PREPROCESSOR_DEFINITIONS = (
					"DEBUG=1",
					"$(inherited)",
				);
				GCC_SYMBOLS_PRIVATE_EXTERN = NO;
				GCC_WARN_64_TO_32_BIT_CONVERSION = YES;
				GCC_WARN_ABOUT_RETURN_TYPE = YES_ERROR;
				GCC_WARN_UNDECLARED_SELECTOR = YES;
				GCC_WARN_UNINITIALIZED_AUTOS = YES_AGGRESSIVE;
				GCC_WARN_UNUSED_FUNCTION = YES;
				GCC_WARN_UNUSED_VARIABLE = YES;
				MACOSX_DEPLOYMENT_TARGET = 10.10;
				MTL_ENABLE_DEBUG_INFO = YES;
				ONLY_ACTIVE_ARCH = YES;
				SDKROOT = macosx;
			};
			name = Debug;
		};
		474B3C051B55DBC700316204 /* Release */ = {
			isa = XCBuildConfiguration;
			buildSettings = {
				ALWAYS_SEARCH_USER_PATHS = NO;
				CLANG_CXX_LANGUAGE_STANDARD = "gnu++0x";
				CLANG_CXX_LIBRARY = "libc++";
				CLANG_ENABLE_MODULES = YES;
				CLANG_ENABLE_OBJC_ARC = YES;
				CLANG_WARN_BOOL_CONVERSION = YES;
				CLANG_WARN_CONSTANT_CONVERSION = YES;
				CLANG_WARN_DIRECT_OBJC_ISA_USAGE = YES_ERROR;
				CLANG_WARN_EMPTY_BODY = YES;
				CLANG_WARN_ENUM_CONVERSION = YES;
				CLANG_WARN_INT_CONVERSION = YES;
				CLANG_WARN_OBJC_ROOT_CLASS = YES_ERROR;
				CLANG_WARN_UNREACHABLE_CODE = YES;
				CLANG_WARN__DUPLICATE_METHOD_MATCH = YES;
				COPY_PHASE_STRIP = NO;
				DEBUG_INFORMATION_FORMAT = "dwarf-with-dsym";
				ENABLE_NS_ASSERTIONS = NO;
				ENABLE_STRICT_OBJC_MSGSEND = YES;
				GCC_C_LANGUAGE_STANDARD = gnu99;
				GCC_NO_COMMON_BLOCKS = YES;
				GCC_WARN_64_TO_32_BIT_CONVERSION = YES;
				GCC_WARN_ABOUT_RETURN_TYPE = YES_ERROR;
				GCC_WARN_UNDECLARED_SELECTOR = YES;
				GCC_WARN_UNINITIALIZED_AUTOS = YES_AGGRESSIVE;
				GCC_WARN_UNUSED_FUNCTION = YES;
				GCC_WARN_UNUSED_VARIABLE = YES;
				MACOSX_DEPLOYMENT_TARGET = 10.10;
				MTL_ENABLE_DEBUG_INFO = NO;
				SDKROOT = macosx;
			};
			name = Release;
		};
		474B3C071B55DBC700316204 /* Debug */ = {
			isa = XCBuildConfiguration;
			buildSettings = {
				FRAMEWORK_SEARCH_PATHS = (
					"$(inherited)",
					"$(PROJECT_DIR)",
					"$(LOCAL_LIBRARY_DIR)/Frameworks",
				);
				HEADER_SEARCH_PATHS = (
					"$(inherited)",
					/Applications/Xcode.app/Contents/Developer/Toolchains/XcodeDefault.xctoolchain/usr/include,
					/Library/Frameworks/Python.framework/Headers,
				);
				LIBRARY_SEARCH_PATHS = (
					"$(inherited)",
					"$(SDKROOT)/usr/lib/python2.7/config",
				);
				PRODUCT_NAME = "$(TARGET_NAME)";
				SYMROOT = ./build;
			};
			name = Debug;
		};
		474B3C081B55DBC700316204 /* Release */ = {
			isa = XCBuildConfiguration;
			buildSettings = {
				FRAMEWORK_SEARCH_PATHS = (
					"$(inherited)",
					"$(PROJECT_DIR)",
					"$(LOCAL_LIBRARY_DIR)/Frameworks",
				);
				HEADER_SEARCH_PATHS = (
					"$(inherited)",
					/Applications/Xcode.app/Contents/Developer/Toolchains/XcodeDefault.xctoolchain/usr/include,
					/Library/Frameworks/Python.framework/Headers,
				);
				LIBRARY_SEARCH_PATHS = (
					"$(inherited)",
					"$(SDKROOT)/usr/lib/python2.7/config",
				);
				PRODUCT_NAME = "$(TARGET_NAME)";
				SYMROOT = ./build;
			};
			name = Release;
		};
/* End XCBuildConfiguration section */

/* Begin XCConfigurationList section */
		474B3BFA1B55DBC600316204 /* Build configuration list for PBXProject "pycpptest" */ = {
			isa = XCConfigurationList;
			buildConfigurations = (
				474B3C041B55DBC700316204 /* Debug */,
				474B3C051B55DBC700316204 /* Release */,
			);
			defaultConfigurationIsVisible = 0;
			defaultConfigurationName = Release;
		};
		474B3C061B55DBC700316204 /* Build configuration list for PBXNativeTarget "pycpptest" */ = {
			isa = XCConfigurationList;
			buildConfigurations = (
				474B3C071B55DBC700316204 /* Debug */,
				474B3C081B55DBC700316204 /* Release */,
			);
			defaultConfigurationIsVisible = 0;
			defaultConfigurationName = Release;
		};
/* End XCConfigurationList section */
	};
	rootObject = 474B3BF71B55DBC600316204 /* Project object */;
}
